
Microsoft Visual Studio Solution File, Format Version 12.00
# Visual Studio Version 16
VisualStudioVersion = 25.0.1705.0
MinimumVisualStudioVersion = 10.0.40219.1
Project("{FAE04EC0-301F-11D3-BF4B-00C04F79EFBC}") = "cswc", "cswc\cswc.csproj", "{A365EE17-295B-42F2-99B4-648A8379B0CB}"
EndProject
Global
	GlobalSection(SolutionConfigurationPlatforms) = preSolution
		Debug|Any CPU = Debug|Any CPU
		Release|Any CPU = Release|Any CPU
	EndGlobalSection
	GlobalSection(ProjectConfigurationPlatforms) = postSolution
		{A365EE17-295B-42F2-99B4-648A8379B0CB}.Debug|Any CPU.ActiveCfg = Debug|Any CPU
		{A365EE17-295B-42F2-99B4-648A8379B0CB}.Debug|Any CPU.Build.0 = Debug|Any CPU
		{A365EE17-295B-42F2-99B4-648A8379B0CB}.Release|Any CPU.ActiveCfg = Release|Any CPU
		{A365EE17-295B-42F2-99B4-648A8379B0CB}.Release|Any CPU.Build.0 = Release|Any CPU
	EndGlobalSection
	GlobalSection(SolutionProperties) = preSolution
		HideSolutionNode = FALSE
	EndGlobalSection
	GlobalSection(ExtensibilityGlobals) = postSolution
		SolutionGuid = {580AC447-3511-423F-A805-C1F5617D0F85}
	EndGlobalSection
EndGlobal
